
Microsoft Visual Studio Solution File, Format Version 12.00
# Visual Studio Version 17
VisualStudioVersion = 17.4.33213.308
MinimumVisualStudioVersion = 10.0.40219.1
Project("{FAE04EC0-301F-11D3-BF4B-00C04F79EFBC}") = "KatmanliMimariProje", "KatmanliMimariProje\KatmanliMimariProje.csproj", "{7B632D85-010A-41C9-8816-08F4FB5A5312}"
EndProject
Project("{FAE04EC0-301F-11D3-BF4B-00C04F79EFBC}") = "EntityLayer", "EntityLayer\EntityLayer.csproj", "{0BB20A79-53BE-42F3-B319-B7B8CD8DA479}"
EndProject
Project("{FAE04EC0-301F-11D3-BF4B-00C04F79EFBC}") = "DataAccesLayer", "DataAccesLayer\DataAccesLayer.csproj", "{80D3B5F9-3C5D-42FA-9ED3-6D37093E5D1A}"
EndProject
Project("{FAE04EC0-301F-11D3-BF4B-00C04F79EFBC}") = "BusinessLayer", "BusinessLayer\BusinessLayer.csproj", "{272DB82F-CEF1-4CA9-82FC-7A490B7AD8CF}"
EndProject
Global
	GlobalSection(SolutionConfigurationPlatforms) = preSolution
		Debug|Any CPU = Debug|Any CPU
		Release|Any CPU = Release|Any CPU
	EndGlobalSection
	GlobalSection(ProjectConfigurationPlatforms) = postSolution
		{7B632D85-010A-41C9-8816-08F4FB5A5312}.Debug|Any CPU.ActiveCfg = Debug|Any CPU
		{7B632D85-010A-41C9-8816-08F4FB5A5312}.Debug|Any CPU.Build.0 = Debug|Any CPU
		{7B632D85-010A-41C9-8816-08F4FB5A5312}.Release|Any CPU.ActiveCfg = Release|Any CPU
		{7B632D85-010A-41C9-8816-08F4FB5A5312}.Release|Any CPU.Build.0 = Release|Any CPU
		{0BB20A79-53BE-42F3-B319-B7B8CD8DA479}.Debug|Any CPU.ActiveCfg = Debug|Any CPU
		{0BB20A79-53BE-42F3-B319-B7B8CD8DA479}.Debug|Any CPU.Build.0 = Debug|Any CPU
		{0BB20A79-53BE-42F3-B319-B7B8CD8DA479}.Release|Any CPU.ActiveCfg = Release|Any CPU
		{0BB20A79-53BE-42F3-B319-B7B8CD8DA479}.Release|Any CPU.Build.0 = Release|Any CPU
		{80D3B5F9-3C5D-42FA-9ED3-6D37093E5D1A}.Debug|Any CPU.ActiveCfg = Debug|Any CPU
		{80D3B5F9-3C5D-42FA-9ED3-6D37093E5D1A}.Debug|Any CPU.Build.0 = Debug|Any CPU
		{80D3B5F9-3C5D-42FA-9ED3-6D37093E5D1A}.Release|Any CPU.ActiveCfg = Release|Any CPU
		{80D3B5F9-3C5D-42FA-9ED3-6D37093E5D1A}.Release|Any CPU.Build.0 = Release|Any CPU
		{272DB82F-CEF1-4CA9-82FC-7A490B7AD8CF}.Debug|Any CPU.ActiveCfg = Debug|Any CPU
		{272DB82F-CEF1-4CA9-82FC-7A490B7AD8CF}.Debug|Any CPU.Build.0 = Debug|Any CPU
		{272DB82F-CEF1-4CA9-82FC-7A490B7AD8CF}.Release|Any CPU.ActiveCfg = Release|Any CPU
		{272DB82F-CEF1-4CA9-82FC-7A490B7AD8CF}.Release|Any CPU.Build.0 = Release|Any CPU
	EndGlobalSection
	GlobalSection(SolutionProperties) = preSolution
		HideSolutionNode = FALSE
	EndGlobalSection
	GlobalSection(ExtensibilityGlobals) = postSolution
		SolutionGuid = {5DD1E7F7-FD4C-4FF6-BCBD-4D432BD26B03}
	EndGlobalSection
EndGlobal
